// !$*UTF8*$!
{
	archiveVersion = 1;
	classes = {
	};
	objectVersion = 46;
	objects = {

/* Begin PBXBuildFile section */
		9D3353AA217F5DFF000CD5CE /* AppDelegate.swift in Sources */ = {isa = PBXBuildFile; fileRef = 9D3353A9217F5DFF000CD5CE /* AppDelegate.swift */; };
		9D3353AC217F5DFF000CD5CE /* ViewController.swift in Sources */ = {isa = PBXBuildFile; fileRef = 9D3353AB217F5DFF000CD5CE /* ViewController.swift */; };
		9D3353AF217F5DFF000CD5CE /* Main.storyboard in Resources */ = {isa = PBXBuildFile; fileRef = 9D3353AD217F5DFF000CD5CE /* Main.storyboard */; };
		9D3353B1217F5DFF000CD5CE /* Assets.xcassets in Resources */ = {isa = PBXBuildFile; fileRef = 9D3353B0217F5DFF000CD5CE /* Assets.xcassets */; };
		9D3353B4217F5DFF000CD5CE /* LaunchScreen.storyboard in Resources */ = {isa = PBXBuildFile; fileRef = 9D3353B2217F5DFF000CD5CE /* LaunchScreen.storyboard */; };
		9D3CC5D82189EF64006AE0DF /* myButton.swift in Sources */ = {isa = PBXBuildFile; fileRef = 9D3CC5D72189EF64006AE0DF /* myButton.swift */; };
/* End PBXBuildFile section */

/* Begin PBXFileReference section */
		9D3353A6217F5DFF000CD5CE /* Calculator.app */ = {isa = PBXFileReference; explicitFileType = wrapper.application; includeInIndex = 0; path = Calculator.app; sourceTree = BUILT_PRODUCTS_DIR; };
		9D3353A9217F5DFF000CD5CE /* AppDelegate.swift */ = {isa = PBXFileReference; lastKnownFileType = sourcecode.swift; path = AppDelegate.swift; sourceTree = "<group>"; };
		9D3353AB217F5DFF000CD5CE /* ViewController.swift */ = {isa = PBXFileReference; lastKnownFileType = sourcecode.swift; path = ViewController.swift; sourceTree = "<group>"; };
		9D3353AE217F5DFF000CD5CE /* Base */ = {isa = PBXFileReference; lastKnownFileType = file.storyboard; name = Base; path = Base.lproj/Main.storyboard; sourceTree = "<group>"; };
		9D3353B0217F5DFF000CD5CE /* Assets.xcassets */ = {isa = PBXFileReference; lastKnownFileType = folder.assetcatalog; path = Assets.xcassets; sourceTree = "<group>"; };
		9D3353B3217F5DFF000CD5CE /* Base */ = {isa = PBXFileReference; lastKnownFileType = file.storyboard; name = Base; path = Base.lproj/LaunchScreen.storyboard; sourceTree = "<group>"; };
		9D3353B5217F5DFF000CD5CE /* Info.plist */ = {isa = PBXFileReference; lastKnownFileType = text.plist.xml; path = Info.plist; sourceTree = "<group>"; };
		9D3CC5D72189EF64006AE0DF /* myButton.swift */ = {isa = PBXFileReference; lastKnownFileType = sourcecode.swift; path = myButton.swift; sourceTree = "<group>"; };
/* End PBXFileReference section */

/* Begin PBXFrameworksBuildPhase section */
		9D3353A3217F5DFF000CD5CE /* Frameworks */ = {
			isa = PBXFrameworksBuildPhase;
			buildActionMask = 2147483647;
			files = (
			);
			runOnlyForDeploymentPostprocessing = 0;
		};
/* End PBXFrameworksBuildPhase section */

/* Begin PBXGroup section */
		9D33539D217F5DFF000CD5CE = {
			isa = PBXGroup;
			children = (
				9D3353A8217F5DFF000CD5CE /* Calculator */,
				9D3353A7217F5DFF000CD5CE /* Products */,
			);
			sourceTree = "<group>";
		};
		9D3353A7217F5DFF000CD5CE /* Products */ = {
			isa = PBXGroup;
			children = (
				9D3353A6217F5DFF000CD5CE /* Calculator.app */,
			);
			name = Products;
			sourceTree = "<group>";
		};
		9D3353A8217F5DFF000CD5CE /* Calculator */ = {
			isa = PBXGroup;
			children = (
				9D3353A9217F5DFF000CD5CE /* AppDelegate.swift */,
				9D3353AB217F5DFF000CD5CE /* ViewController.swift */,
				9D3353AD217F5DFF000CD5CE /* Main.storyboard */,
				9D3CC5D72189EF64006AE0DF /* myButton.swift */,
				9D3353B0217F5DFF000CD5CE /* Assets.xcassets */,
				9D3353B2217F5DFF000CD5CE /* LaunchScreen.storyboard */,
				9D3353B5217F5DFF000CD5CE /* Info.plist */,
			);
			path = Calculator;
			sourceTree = "<group>";
		};
/* End PBXGroup section */

/* Begin PBXNativeTarget section */
		9D3353A5217F5DFF000CD5CE /* Calculator */ = {
			isa = PBXNativeTarget;
			buildConfigurationList = 9D3353B8217F5DFF000CD5CE /* Build configuration list for PBXNativeTarget "Calculator" */;
			buildPhases = (
				9D3353A2217F5DFF000CD5CE /* Sources */,
				9D3353A3217F5DFF000CD5CE /* Frameworks */,
				9D3353A4217F5DFF000CD5CE /* Resources */,
			);
			buildRules = (
			);
			dependencies = (
			);
			name = Calculator;
			productName = Calculator;
			productReference = 9D3353A6217F5DFF000CD5CE /* Calculator.app */;
			productType = "com.apple.product-type.application";
		};
/* End PBXNativeTarget section */

/* Begin PBXProject section */
		9D33539E217F5DFF000CD5CE /* Project object */ = {
			isa = PBXProject;
			attributes = {
				KnownAssetTags = (
					0,
					1,
				);
				LastSwiftUpdateCheck = 0830;
				LastUpgradeCheck = 0830;
				ORGANIZATIONNAME = "Karthik, Sooraj";
				TargetAttributes = {
					9D3353A5217F5DFF000CD5CE = {
						CreatedOnToolsVersion = 8.3.2;
						DevelopmentTeam = FFF8VEF364;
						ProvisioningStyle = Automatic;
					};
				};
			};
			buildConfigurationList = 9D3353A1217F5DFF000CD5CE /* Build configuration list for PBXProject "Calculator" */;
			compatibilityVersion = "Xcode 3.2";
			developmentRegion = English;
			hasScannedForEncodings = 0;
			knownRegions = (
				en,
				Base,
			);
			mainGroup = 9D33539D217F5DFF000CD5CE;
			productRefGroup = 9D3353A7217F5DFF000CD5CE /* Products */;
			projectDirPath = "";
			projectRoot = "";
			targets = (
				9D3353A5217F5DFF000CD5CE /* Calculator */,
			);
		};
/* End PBXProject section */

/* Begin PBXResourcesBuildPhase section */
		9D3353A4217F5DFF000CD5CE /* Resources */ = {
			isa = PBXResourcesBuildPhase;
			buildActionMask = 2147483647;
			files = (
				9D3353B4217F5DFF000CD5CE /* LaunchScreen.storyboard in Resources */,
				9D3353B1217F5DFF000CD5CE /* Assets.xcassets in Resources */,
				9D3353AF217F5DFF000CD5CE /* Main.storyboard in Resources */,
			);
			runOnlyForDeploymentPostprocessing = 0;
		};
/* End PBXResourcesBuildPhase section */

/* Begin PBXSourcesBuildPhase section */
		9D3353A2217F5DFF000CD5CE /* Sources */ = {
			isa = PBXSourcesBuildPhase;
			buildActionMask = 2147483647;
			files = (
				9D3353AC217F5DFF000CD5CE /* ViewController.swift in Sources */,
				9D3CC5D82189EF64006AE0DF /* myButton.swift in Sources */,
				9D3353AA217F5DFF000CD5CE /* AppDelegate.swift in Sources */,
			);
			runOnlyForDeploymentPostprocessing = 0;
		};
/* End PBXSourcesBuildPhase section */

/* Begin PBXVariantGroup section */
		9D3353AD217F5DFF000CD5CE /* Main.storyboard */ = {
			isa = PBXVariantGroup;
			children = (
				9D3353AE217F5DFF000CD5CE /* Base */,
			);
			name = Main.storyboard;
			sourceTree = "<group>";
		};
		9D3353B2217F5DFF000CD5CE /* LaunchScreen.storyboard */ = {
			isa = PBXVariantGroup;
			children = (
				9D3353B3217F5DFF000CD5CE /* Base */,
			);
			name = LaunchScreen.storyboard;
			sourceTree = "<group>";
		};
/* End PBXVariantGroup section */

/* Begin XCBuildConfiguration section */
		9D3353B6217F5DFF000CD5CE /* Debug */ = {
			isa = XCBuildConfiguration;
			buildSettings = {
				ALWAYS_SEARCH_USER_PATHS = NO;
				CLANG_ANALYZER_NONNULL = YES;
				CLANG_ANALYZER_NUMBER_OBJECT_CONVERSION = YES_AGGRESSIVE;
				CLANG_CXX_LANGUAGE_STANDARD = "gnu++0x";
				CLANG_CXX_LIBRARY = "libc++";
				CLANG_ENABLE_MODULES = YES;
				CLANG_ENABLE_OBJC_ARC = YES;
				CLANG_WARN_BOOL_CONVERSION = YES;
				CLANG_WARN_CONSTANT_CONVERSION = YES;
				CLANG_WARN_DIRECT_OBJC_ISA_USAGE = YES_ERROR;
				CLANG_WARN_DOCUMENTATION_COMMENTS = YES;
				CLANG_WARN_EMPTY_BODY = YES;
				CLANG_WARN_ENUM_CONVERSION = YES;
				CLANG_WARN_INFINITE_RECURSION = YES;
				CLANG_WARN_INT_CONVERSION = YES;
				CLANG_WARN_OBJC_ROOT_CLASS = YES_ERROR;
				CLANG_WARN_SUSPICIOUS_MOVE = YES;
				CLANG_WARN_UNREACHABLE_CODE = YES;
				CLANG_WARN__DUPLICATE_METHOD_MATCH = YES;
				"CODE_SIGN_IDENTITY[sdk=iphoneos*]" = "iPhone Developer";
				COPY_PHASE_STRIP = NO;
				DEBUG_INFORMATION_FORMAT = dwarf;
				ENABLE_STRICT_OBJC_MSGSEND = YES;
				ENABLE_TESTABILITY = YES;
				GCC_C_LANGUAGE_STANDARD = gnu99;
				GCC_DYNAMIC_NO_PIC = NO;
				GCC_NO_COMMON_BLOCKS = YES;
				GCC_OPTIMIZATION_LEVEL = 0;
				GCC_PREPROCESSOR_DEFINITIONS = (
					"DEBUG=1",
					"$(inherited)",
				);
				GCC_WARN_64_TO_32_BIT_CONVERSION = YES;
				GCC_WARN_ABOUT_RETURN_TYPE = YES_ERROR;
				GCC_WARN_UNDECLARED_SELECTOR = YES;
				GCC_WARN_UNINITIALIZED_AUTOS = YES_AGGRESSIVE;
				GCC_WARN_UNUSED_FUNCTION = YES;
				GCC_WARN_UNUSED_VARIABLE = YES;
				IPHONEOS_DEPLOYMENT_TARGET = 10.3;
				MTL_ENABLE_DEBUG_INFO = YES;
				ONLY_ACTIVE_ARCH = YES;
				SDKROOT = iphoneos;
				SWIFT_ACTIVE_COMPILATION_CONDITIONS = DEBUG;
				SWIFT_OPTIMIZATION_LEVEL = "-Onone";
				TARGETED_DEVICE_FAMILY = 2;
			};
			name = Debug;
		};
		9D3353B7217F5DFF000CD5CE /* Release */ = {
			isa = XCBuildConfiguration;
			buildSettings = {
				ALWAYS_SEARCH_USER_PATHS = NO;
				CLANG_ANALYZER_NONNULL = YES;
				CLANG_ANALYZER_NUMBER_OBJECT_CONVERSION = YES_AGGRESSIVE;
				CLANG_CXX_LANGUAGE_STANDARD = "gnu++0x";
				CLANG_CXX_LIBRARY = "libc++";
				CLANG_ENABLE_MODULES = YES;
				CLANG_ENABLE_OBJC_ARC = YES;
				CLANG_WARN_BOOL_CONVERSION = YES;
				CLANG_WARN_CONSTANT_CONVERSION = YES;
				CLANG_WARN_DIRECT_OBJC_ISA_USAGE = YES_ERROR;
				CLANG_WARN_DOCUMENTATION_COMMENTS = YES;
				CLANG_WARN_EMPTY_BODY = YES;
				CLANG_WARN_ENUM_CONVERSION = YES;
				CLANG_WARN_INFINITE_RECURSION = YES;
				CLANG_WARN_INT_CONVERSION = YES;
				CLANG_WARN_OBJC_ROOT_CLASS = YES_ERROR;
				CLANG_WARN_SUSPICIOUS_MOVE = YES;
				CLANG_WARN_UNREACHABLE_CODE = YES;
				CLANG_WARN__DUPLICATE_METHOD_MATCH = YES;
				"CODE_SIGN_IDENTITY[sdk=iphoneos*]" = "iPhone Developer";
				COPY_PHASE_STRIP = NO;
				DEBUG_INFORMATION_FORMAT = "dwarf-with-dsym";
				ENABLE_NS_ASSERTIONS = NO;
				ENABLE_STRICT_OBJC_MSGSEND = YES;
				GCC_C_LANGUAGE_STANDARD = gnu99;
				GCC_NO_COMMON_BLOCKS = YES;
				GCC_WARN_64_TO_32_BIT_CONVERSION = YES;
				GCC_WARN_ABOUT_RETURN_TYPE = YES_ERROR;
				GCC_WARN_UNDECLARED_SELECTOR = YES;
				GCC_WARN_UNINITIALIZED_AUTOS = YES_AGGRESSIVE;
				GCC_WARN_UNUSED_FUNCTION = YES;
				GCC_WARN_UNUSED_VARIABLE = YES;
				IPHONEOS_DEPLOYMENT_TARGET = 10.3;
				MTL_ENABLE_DEBUG_INFO = NO;
				SDKROOT = iphoneos;
				SWIFT_OPTIMIZATION_LEVEL = "-Owholemodule";
				TARGETED_DEVICE_FAMILY = 2;
				VALIDATE_PRODUCT = YES;
			};
			name = Release;
		};
		9D3353B9217F5DFF000CD5CE /* Debug */ = {
			isa = XCBuildConfiguration;
			buildSettings = {
				ASSETCATALOG_COMPILER_APPICON_NAME = AppIcon;
				DEVELOPMENT_TEAM = FFF8VEF364;
				INFOPLIST_FILE = Calculator/Info.plist;
				IPHONEOS_DEPLOYMENT_TARGET = 10.3;
				LD_RUNPATH_SEARCH_PATHS = "$(inherited) @executable_path/Frameworks";
				PRODUCT_BUNDLE_IDENTIFIER = org.friscoisd.MyCalculator;
				PRODUCT_NAME = "$(TARGET_NAME)";
				SWIFT_VERSION = 3.0;
				TARGETED_DEVICE_FAMILY = "1,2";
			};
			name = Debug;
		};
		9D3353BA217F5DFF000CD5CE /* Release */ = {
			isa = XCBuildConfiguration;
			buildSettings = {
				ASSETCATALOG_COMPILER_APPICON_NAME = AppIcon;
				DEVELOPMENT_TEAM = FFF8VEF364;
				INFOPLIST_FILE = Calculator/Info.plist;
				IPHONEOS_DEPLOYMENT_TARGET = 10.3;
				LD_RUNPATH_SEARCH_PATHS = "$(inherited) @executable_path/Frameworks";
				PRODUCT_BUNDLE_IDENTIFIER = org.friscoisd.MyCalculator;
				PRODUCT_NAME = "$(TARGET_NAME)";
				SWIFT_VERSION = 3.0;
				TARGETED_DEVICE_FAMILY = "1,2";
			};
			name = Release;
		};
/* End XCBuildConfiguration section */

/* Begin XCConfigurationList section */
		9D3353A1217F5DFF000CD5CE /* Build configuration list for PBXProject "Calculator" */ = {
			isa = XCConfigurationList;
			buildConfigurations = (
				9D3353B6217F5DFF000CD5CE /* Debug */,
				9D3353B7217F5DFF000CD5CE /* Release */,
			);
			defaultConfigurationIsVisible = 0;
			defaultConfigurationName = Release;
		};
		9D3353B8217F5DFF000CD5CE /* Build configuration list for PBXNativeTarget "Calculator" */ = {
			isa = XCConfigurationList;
			buildConfigurations = (
				9D3353B9217F5DFF000CD5CE /* Debug */,
				9D3353BA217F5DFF000CD5CE /* Release */,
			);
			defaultConfigurationIsVisible = 0;
			defaultConfigurationName = Release;
		};
/* End XCConfigurationList section */
	};
	rootObject = 9D33539E217F5DFF000CD5CE /* Project object */;
}
