// !$*UTF8*$!
{
	archiveVersion = 1;
	classes = {
	};
	objectVersion = 50;
	objects = {

/* Begin PBXBuildFile section */
		9DA64919224D0DF40027AB45 /* AppDelegate.swift in Sources */ = {isa = PBXBuildFile; fileRef = 9DA64918224D0DF40027AB45 /* AppDelegate.swift */; };
		9DA6491B224D0DF40027AB45 /* ViewController.swift in Sources */ = {isa = PBXBuildFile; fileRef = 9DA6491A224D0DF40027AB45 /* ViewController.swift */; };
		9DA6491E224D0DF40027AB45 /* Main.storyboard in Resources */ = {isa = PBXBuildFile; fileRef = 9DA6491C224D0DF40027AB45 /* Main.storyboard */; };
		9DA64920224D0DF60027AB45 /* Assets.xcassets in Resources */ = {isa = PBXBuildFile; fileRef = 9DA6491F224D0DF60027AB45 /* Assets.xcassets */; };
		9DA64923224D0DF70027AB45 /* LaunchScreen.storyboard in Resources */ = {isa = PBXBuildFile; fileRef = 9DA64921224D0DF70027AB45 /* LaunchScreen.storyboard */; };
		9DA6492B224D0F420027AB45 /* FoodTableViewController.swift in Sources */ = {isa = PBXBuildFile; fileRef = 9DA6492A224D0F420027AB45 /* FoodTableViewController.swift */; };
		9DA6492D224D0F5B0027AB45 /* Food.swift in Sources */ = {isa = PBXBuildFile; fileRef = 9DA6492C224D0F5B0027AB45 /* Food.swift */; };
		9DA6492F224D0F630027AB45 /* Meal.swift in Sources */ = {isa = PBXBuildFile; fileRef = 9DA6492E224D0F630027AB45 /* Meal.swift */; };
/* End PBXBuildFile section */

/* Begin PBXFileReference section */
		9DA64915224D0DF40027AB45 /* MealTracker.app */ = {isa = PBXFileReference; explicitFileType = wrapper.application; includeInIndex = 0; path = MealTracker.app; sourceTree = BUILT_PRODUCTS_DIR; };
		9DA64918224D0DF40027AB45 /* AppDelegate.swift */ = {isa = PBXFileReference; lastKnownFileType = sourcecode.swift; path = AppDelegate.swift; sourceTree = "<group>"; };
		9DA6491A224D0DF40027AB45 /* ViewController.swift */ = {isa = PBXFileReference; lastKnownFileType = sourcecode.swift; path = ViewController.swift; sourceTree = "<group>"; };
		9DA6491D224D0DF40027AB45 /* Base */ = {isa = PBXFileReference; lastKnownFileType = file.storyboard; name = Base; path = Base.lproj/Main.storyboard; sourceTree = "<group>"; };
		9DA6491F224D0DF60027AB45 /* Assets.xcassets */ = {isa = PBXFileReference; lastKnownFileType = folder.assetcatalog; path = Assets.xcassets; sourceTree = "<group>"; };
		9DA64922224D0DF70027AB45 /* Base */ = {isa = PBXFileReference; lastKnownFileType = file.storyboard; name = Base; path = Base.lproj/LaunchScreen.storyboard; sourceTree = "<group>"; };
		9DA64924224D0DF70027AB45 /* Info.plist */ = {isa = PBXFileReference; lastKnownFileType = text.plist.xml; path = Info.plist; sourceTree = "<group>"; };
		9DA6492A224D0F420027AB45 /* FoodTableViewController.swift */ = {isa = PBXFileReference; lastKnownFileType = sourcecode.swift; path = FoodTableViewController.swift; sourceTree = "<group>"; };
		9DA6492C224D0F5B0027AB45 /* Food.swift */ = {isa = PBXFileReference; lastKnownFileType = sourcecode.swift; path = Food.swift; sourceTree = "<group>"; };
		9DA6492E224D0F630027AB45 /* Meal.swift */ = {isa = PBXFileReference; lastKnownFileType = sourcecode.swift; path = Meal.swift; sourceTree = "<group>"; };
/* End PBXFileReference section */

/* Begin PBXFrameworksBuildPhase section */
		9DA64912224D0DF40027AB45 /* Frameworks */ = {
			isa = PBXFrameworksBuildPhase;
			buildActionMask = 2147483647;
			files = (
			);
			runOnlyForDeploymentPostprocessing = 0;
		};
/* End PBXFrameworksBuildPhase section */

/* Begin PBXGroup section */
		9DA6490C224D0DF40027AB45 = {
			isa = PBXGroup;
			children = (
				9DA64917224D0DF40027AB45 /* MealTracker */,
				9DA64916224D0DF40027AB45 /* Products */,
			);
			sourceTree = "<group>";
		};
		9DA64916224D0DF40027AB45 /* Products */ = {
			isa = PBXGroup;
			children = (
				9DA64915224D0DF40027AB45 /* MealTracker.app */,
			);
			name = Products;
			sourceTree = "<group>";
		};
		9DA64917224D0DF40027AB45 /* MealTracker */ = {
			isa = PBXGroup;
			children = (
				9DA64918224D0DF40027AB45 /* AppDelegate.swift */,
				9DA6491A224D0DF40027AB45 /* ViewController.swift */,
				9DA6491C224D0DF40027AB45 /* Main.storyboard */,
				9DA6491F224D0DF60027AB45 /* Assets.xcassets */,
				9DA64921224D0DF70027AB45 /* LaunchScreen.storyboard */,
				9DA64924224D0DF70027AB45 /* Info.plist */,
				9DA6492A224D0F420027AB45 /* FoodTableViewController.swift */,
				9DA6492C224D0F5B0027AB45 /* Food.swift */,
				9DA6492E224D0F630027AB45 /* Meal.swift */,
			);
			path = MealTracker;
			sourceTree = "<group>";
		};
/* End PBXGroup section */

/* Begin PBXNativeTarget section */
		9DA64914224D0DF40027AB45 /* MealTracker */ = {
			isa = PBXNativeTarget;
			buildConfigurationList = 9DA64927224D0DF70027AB45 /* Build configuration list for PBXNativeTarget "MealTracker" */;
			buildPhases = (
				9DA64911224D0DF40027AB45 /* Sources */,
				9DA64912224D0DF40027AB45 /* Frameworks */,
				9DA64913224D0DF40027AB45 /* Resources */,
			);
			buildRules = (
			);
			dependencies = (
			);
			name = MealTracker;
			productName = MealTracker;
			productReference = 9DA64915224D0DF40027AB45 /* MealTracker.app */;
			productType = "com.apple.product-type.application";
		};
/* End PBXNativeTarget section */

/* Begin PBXProject section */
		9DA6490D224D0DF40027AB45 /* Project object */ = {
			isa = PBXProject;
			attributes = {
				LastSwiftUpdateCheck = 1010;
				LastUpgradeCheck = 1010;
				ORGANIZATIONNAME = "Karthik, Sooraj";
				TargetAttributes = {
					9DA64914224D0DF40027AB45 = {
						CreatedOnToolsVersion = 10.1;
					};
				};
			};
			buildConfigurationList = 9DA64910224D0DF40027AB45 /* Build configuration list for PBXProject "MealTracker" */;
			compatibilityVersion = "Xcode 9.3";
			developmentRegion = en;
			hasScannedForEncodings = 0;
			knownRegions = (
				en,
				Base,
			);
			mainGroup = 9DA6490C224D0DF40027AB45;
			productRefGroup = 9DA64916224D0DF40027AB45 /* Products */;
			projectDirPath = "";
			projectRoot = "";
			targets = (
				9DA64914224D0DF40027AB45 /* MealTracker */,
			);
		};
/* End PBXProject section */

/* Begin PBXResourcesBuildPhase section */
		9DA64913224D0DF40027AB45 /* Resources */ = {
			isa = PBXResourcesBuildPhase;
			buildActionMask = 2147483647;
			files = (
				9DA64923224D0DF70027AB45 /* LaunchScreen.storyboard in Resources */,
				9DA64920224D0DF60027AB45 /* Assets.xcassets in Resources */,
				9DA6491E224D0DF40027AB45 /* Main.storyboard in Resources */,
			);
			runOnlyForDeploymentPostprocessing = 0;
		};
/* End PBXResourcesBuildPhase section */

/* Begin PBXSourcesBuildPhase section */
		9DA64911224D0DF40027AB45 /* Sources */ = {
			isa = PBXSourcesBuildPhase;
			buildActionMask = 2147483647;
			files = (
				9DA6492F224D0F630027AB45 /* Meal.swift in Sources */,
				9DA6491B224D0DF40027AB45 /* ViewController.swift in Sources */,
				9DA6492D224D0F5B0027AB45 /* Food.swift in Sources */,
				9DA6492B224D0F420027AB45 /* FoodTableViewController.swift in Sources */,
				9DA64919224D0DF40027AB45 /* AppDelegate.swift in Sources */,
			);
			runOnlyForDeploymentPostprocessing = 0;
		};
/* End PBXSourcesBuildPhase section */

/* Begin PBXVariantGroup section */
		9DA6491C224D0DF40027AB45 /* Main.storyboard */ = {
			isa = PBXVariantGroup;
			children = (
				9DA6491D224D0DF40027AB45 /* Base */,
			);
			name = Main.storyboard;
			sourceTree = "<group>";
		};
		9DA64921224D0DF70027AB45 /* LaunchScreen.storyboard */ = {
			isa = PBXVariantGroup;
			children = (
				9DA64922224D0DF70027AB45 /* Base */,
			);
			name = LaunchScreen.storyboard;
			sourceTree = "<group>";
		};
/* End PBXVariantGroup section */

/* Begin XCBuildConfiguration section */
		9DA64925224D0DF70027AB45 /* Debug */ = {
			isa = XCBuildConfiguration;
			buildSettings = {
				ALWAYS_SEARCH_USER_PATHS = NO;
				CLANG_ANALYZER_NONNULL = YES;
				CLANG_ANALYZER_NUMBER_OBJECT_CONVERSION = YES_AGGRESSIVE;
				CLANG_CXX_LANGUAGE_STANDARD = "gnu++14";
				CLANG_CXX_LIBRARY = "libc++";
				CLANG_ENABLE_MODULES = YES;
				CLANG_ENABLE_OBJC_ARC = YES;
				CLANG_ENABLE_OBJC_WEAK = YES;
				CLANG_WARN_BLOCK_CAPTURE_AUTORELEASING = YES;
				CLANG_WARN_BOOL_CONVERSION = YES;
				CLANG_WARN_COMMA = YES;
				CLANG_WARN_CONSTANT_CONVERSION = YES;
				CLANG_WARN_DEPRECATED_OBJC_IMPLEMENTATIONS = YES;
				CLANG_WARN_DIRECT_OBJC_ISA_USAGE = YES_ERROR;
				CLANG_WARN_DOCUMENTATION_COMMENTS = YES;
				CLANG_WARN_EMPTY_BODY = YES;
				CLANG_WARN_ENUM_CONVERSION = YES;
				CLANG_WARN_INFINITE_RECURSION = YES;
				CLANG_WARN_INT_CONVERSION = YES;
				CLANG_WARN_NON_LITERAL_NULL_CONVERSION = YES;
				CLANG_WARN_OBJC_IMPLICIT_RETAIN_SELF = YES;
				CLANG_WARN_OBJC_LITERAL_CONVERSION = YES;
				CLANG_WARN_OBJC_ROOT_CLASS = YES_ERROR;
				CLANG_WARN_RANGE_LOOP_ANALYSIS = YES;
				CLANG_WARN_STRICT_PROTOTYPES = YES;
				CLANG_WARN_SUSPICIOUS_MOVE = YES;
				CLANG_WARN_UNGUARDED_AVAILABILITY = YES_AGGRESSIVE;
				CLANG_WARN_UNREACHABLE_CODE = YES;
				CLANG_WARN__DUPLICATE_METHOD_MATCH = YES;
				CODE_SIGN_IDENTITY = "iPhone Developer";
				COPY_PHASE_STRIP = NO;
				DEBUG_INFORMATION_FORMAT = dwarf;
				ENABLE_STRICT_OBJC_MSGSEND = YES;
				ENABLE_TESTABILITY = YES;
				GCC_C_LANGUAGE_STANDARD = gnu11;
				GCC_DYNAMIC_NO_PIC = NO;
				GCC_NO_COMMON_BLOCKS = YES;
				GCC_OPTIMIZATION_LEVEL = 0;
				GCC_PREPROCESSOR_DEFINITIONS = (
					"DEBUG=1",
					"$(inherited)",
				);
				GCC_WARN_64_TO_32_BIT_CONVERSION = YES;
				GCC_WARN_ABOUT_RETURN_TYPE = YES_ERROR;
				GCC_WARN_UNDECLARED_SELECTOR = YES;
				GCC_WARN_UNINITIALIZED_AUTOS = YES_AGGRESSIVE;
				GCC_WARN_UNUSED_FUNCTION = YES;
				GCC_WARN_UNUSED_VARIABLE = YES;
				IPHONEOS_DEPLOYMENT_TARGET = 12.1;
				MTL_ENABLE_DEBUG_INFO = INCLUDE_SOURCE;
				MTL_FAST_MATH = YES;
				ONLY_ACTIVE_ARCH = YES;
				SDKROOT = iphoneos;
				SWIFT_ACTIVE_COMPILATION_CONDITIONS = DEBUG;
				SWIFT_OPTIMIZATION_LEVEL = "-Onone";
			};
			name = Debug;
		};
		9DA64926224D0DF70027AB45 /* Release */ = {
			isa = XCBuildConfiguration;
			buildSettings = {
				ALWAYS_SEARCH_USER_PATHS = NO;
				CLANG_ANALYZER_NONNULL = YES;
				CLANG_ANALYZER_NUMBER_OBJECT_CONVERSION = YES_AGGRESSIVE;
				CLANG_CXX_LANGUAGE_STANDARD = "gnu++14";
				CLANG_CXX_LIBRARY = "libc++";
				CLANG_ENABLE_MODULES = YES;
				CLANG_ENABLE_OBJC_ARC = YES;
				CLANG_ENABLE_OBJC_WEAK = YES;
				CLANG_WARN_BLOCK_CAPTURE_AUTORELEASING = YES;
				CLANG_WARN_BOOL_CONVERSION = YES;
				CLANG_WARN_COMMA = YES;
				CLANG_WARN_CONSTANT_CONVERSION = YES;
				CLANG_WARN_DEPRECATED_OBJC_IMPLEMENTATIONS = YES;
				CLANG_WARN_DIRECT_OBJC_ISA_USAGE = YES_ERROR;
				CLANG_WARN_DOCUMENTATION_COMMENTS = YES;
				CLANG_WARN_EMPTY_BODY = YES;
				CLANG_WARN_ENUM_CONVERSION = YES;
				CLANG_WARN_INFINITE_RECURSION = YES;
				CLANG_WARN_INT_CONVERSION = YES;
				CLANG_WARN_NON_LITERAL_NULL_CONVERSION = YES;
				CLANG_WARN_OBJC_IMPLICIT_RETAIN_SELF = YES;
				CLANG_WARN_OBJC_LITERAL_CONVERSION = YES;
				CLANG_WARN_OBJC_ROOT_CLASS = YES_ERROR;
				CLANG_WARN_RANGE_LOOP_ANALYSIS = YES;
				CLANG_WARN_STRICT_PROTOTYPES = YES;
				CLANG_WARN_SUSPICIOUS_MOVE = YES;
				CLANG_WARN_UNGUARDED_AVAILABILITY = YES_AGGRESSIVE;
				CLANG_WARN_UNREACHABLE_CODE = YES;
				CLANG_WARN__DUPLICATE_METHOD_MATCH = YES;
				CODE_SIGN_IDENTITY = "iPhone Developer";
				COPY_PHASE_STRIP = NO;
				DEBUG_INFORMATION_FORMAT = "dwarf-with-dsym";
				ENABLE_NS_ASSERTIONS = NO;
				ENABLE_STRICT_OBJC_MSGSEND = YES;
				GCC_C_LANGUAGE_STANDARD = gnu11;
				GCC_NO_COMMON_BLOCKS = YES;
				GCC_WARN_64_TO_32_BIT_CONVERSION = YES;
				GCC_WARN_ABOUT_RETURN_TYPE = YES_ERROR;
				GCC_WARN_UNDECLARED_SELECTOR = YES;
				GCC_WARN_UNINITIALIZED_AUTOS = YES_AGGRESSIVE;
				GCC_WARN_UNUSED_FUNCTION = YES;
				GCC_WARN_UNUSED_VARIABLE = YES;
				IPHONEOS_DEPLOYMENT_TARGET = 12.1;
				MTL_ENABLE_DEBUG_INFO = NO;
				MTL_FAST_MATH = YES;
				SDKROOT = iphoneos;
				SWIFT_COMPILATION_MODE = wholemodule;
				SWIFT_OPTIMIZATION_LEVEL = "-O";
				VALIDATE_PRODUCT = YES;
			};
			name = Release;
		};
		9DA64928224D0DF70027AB45 /* Debug */ = {
			isa = XCBuildConfiguration;
			buildSettings = {
				ASSETCATALOG_COMPILER_APPICON_NAME = AppIcon;
				CODE_SIGN_STYLE = Automatic;
				DEVELOPMENT_TEAM = FFF8VEF364;
				INFOPLIST_FILE = MealTracker/Info.plist;
				LD_RUNPATH_SEARCH_PATHS = (
					"$(inherited)",
					"@executable_path/Frameworks",
				);
				PRODUCT_BUNDLE_IDENTIFIER = org.friscoisd.MealTracker;
				PRODUCT_NAME = "$(TARGET_NAME)";
				SWIFT_VERSION = 4.2;
				TARGETED_DEVICE_FAMILY = "1,2";
			};
			name = Debug;
		};
		9DA64929224D0DF70027AB45 /* Release */ = {
			isa = XCBuildConfiguration;
			buildSettings = {
				ASSETCATALOG_COMPILER_APPICON_NAME = AppIcon;
				CODE_SIGN_STYLE = Automatic;
				DEVELOPMENT_TEAM = FFF8VEF364;
				INFOPLIST_FILE = MealTracker/Info.plist;
				LD_RUNPATH_SEARCH_PATHS = (
					"$(inherited)",
					"@executable_path/Frameworks",
				);
				PRODUCT_BUNDLE_IDENTIFIER = org.friscoisd.MealTracker;
				PRODUCT_NAME = "$(TARGET_NAME)";
				SWIFT_VERSION = 4.2;
				TARGETED_DEVICE_FAMILY = "1,2";
			};
			name = Release;
		};
/* End XCBuildConfiguration section */

/* Begin XCConfigurationList section */
		9DA64910224D0DF40027AB45 /* Build configuration list for PBXProject "MealTracker" */ = {
			isa = XCConfigurationList;
			buildConfigurations = (
				9DA64925224D0DF70027AB45 /* Debug */,
				9DA64926224D0DF70027AB45 /* Release */,
			);
			defaultConfigurationIsVisible = 0;
			defaultConfigurationName = Release;
		};
		9DA64927224D0DF70027AB45 /* Build configuration list for PBXNativeTarget "MealTracker" */ = {
			isa = XCConfigurationList;
			buildConfigurations = (
				9DA64928224D0DF70027AB45 /* Debug */,
				9DA64929224D0DF70027AB45 /* Release */,
			);
			defaultConfigurationIsVisible = 0;
			defaultConfigurationName = Release;
		};
/* End XCConfigurationList section */
	};
	rootObject = 9DA6490D224D0DF40027AB45 /* Project object */;
}
